
Microsoft Visual Studio Solution File, Format Version 12.00
# Visual Studio Version 17
VisualStudioVersion = 17.4.33213.308
MinimumVisualStudioVersion = 10.0.40219.1
Project("{9A19103F-16F7-4668-BE54-9A1E7A4F7556}") = "UI", "UI\UI.csproj", "{D2E42A88-8F7B-4355-B209-A48F7E6B81A8}"
EndProject
Project("{9A19103F-16F7-4668-BE54-9A1E7A4F7556}") = "DataAccess", "DataAccess\DataAccess.csproj", "{4A42CBF4-BAE4-4BFB-850E-6B1A7A623B44}"
EndProject
Project("{9A19103F-16F7-4668-BE54-9A1E7A4F7556}") = "BL", "BL\BL.csproj", "{BDE73701-827D-4CB7-A2B6-DCA7CA646319}"
EndProject
Project("{9A19103F-16F7-4668-BE54-9A1E7A4F7556}") = "TestBL", "TestBL\TestBL.csproj", "{7225CAF9-9671-4E73-85D1-308CC9C1CEE4}"
EndProject
Project("{9A19103F-16F7-4668-BE54-9A1E7A4F7556}") = "TestDA", "TestDA\TestDA.csproj", "{20E51796-EB11-47F4-8CCE-77B513EF8328}"
EndProject
Project("{9A19103F-16F7-4668-BE54-9A1E7A4F7556}") = "TechUI", "TechUI\TechUI.csproj", "{4413350D-47EC-4E43-9618-6638E56ED7BE}"
EndProject
Project("{FAE04EC0-301F-11D3-BF4B-00C04F79EFBC}") = "MsSqlDataAccess", "MsSqlDataAccess\MsSqlDataAccess.csproj", "{F3339BDA-555F-4AC6-92B8-C8FEDA9B9759}"
EndProject
Global
	GlobalSection(SolutionConfigurationPlatforms) = preSolution
		Debug|Any CPU = Debug|Any CPU
		Release|Any CPU = Release|Any CPU
	EndGlobalSection
	GlobalSection(ProjectConfigurationPlatforms) = postSolution
		{D2E42A88-8F7B-4355-B209-A48F7E6B81A8}.Debug|Any CPU.ActiveCfg = Debug|Any CPU
		{D2E42A88-8F7B-4355-B209-A48F7E6B81A8}.Debug|Any CPU.Build.0 = Debug|Any CPU
		{D2E42A88-8F7B-4355-B209-A48F7E6B81A8}.Release|Any CPU.ActiveCfg = Release|Any CPU
		{D2E42A88-8F7B-4355-B209-A48F7E6B81A8}.Release|Any CPU.Build.0 = Release|Any CPU
		{4A42CBF4-BAE4-4BFB-850E-6B1A7A623B44}.Debug|Any CPU.ActiveCfg = Debug|Any CPU
		{4A42CBF4-BAE4-4BFB-850E-6B1A7A623B44}.Debug|Any CPU.Build.0 = Debug|Any CPU
		{4A42CBF4-BAE4-4BFB-850E-6B1A7A623B44}.Release|Any CPU.ActiveCfg = Release|Any CPU
		{4A42CBF4-BAE4-4BFB-850E-6B1A7A623B44}.Release|Any CPU.Build.0 = Release|Any CPU
		{BDE73701-827D-4CB7-A2B6-DCA7CA646319}.Debug|Any CPU.ActiveCfg = Debug|Any CPU
		{BDE73701-827D-4CB7-A2B6-DCA7CA646319}.Debug|Any CPU.Build.0 = Debug|Any CPU
		{BDE73701-827D-4CB7-A2B6-DCA7CA646319}.Release|Any CPU.ActiveCfg = Release|Any CPU
		{BDE73701-827D-4CB7-A2B6-DCA7CA646319}.Release|Any CPU.Build.0 = Release|Any CPU
		{7225CAF9-9671-4E73-85D1-308CC9C1CEE4}.Debug|Any CPU.ActiveCfg = Debug|Any CPU
		{7225CAF9-9671-4E73-85D1-308CC9C1CEE4}.Debug|Any CPU.Build.0 = Debug|Any CPU
		{7225CAF9-9671-4E73-85D1-308CC9C1CEE4}.Release|Any CPU.ActiveCfg = Release|Any CPU
		{7225CAF9-9671-4E73-85D1-308CC9C1CEE4}.Release|Any CPU.Build.0 = Release|Any CPU
		{20E51796-EB11-47F4-8CCE-77B513EF8328}.Debug|Any CPU.ActiveCfg = Debug|Any CPU
		{20E51796-EB11-47F4-8CCE-77B513EF8328}.Debug|Any CPU.Build.0 = Debug|Any CPU
		{20E51796-EB11-47F4-8CCE-77B513EF8328}.Release|Any CPU.ActiveCfg = Release|Any CPU
		{20E51796-EB11-47F4-8CCE-77B513EF8328}.Release|Any CPU.Build.0 = Release|Any CPU
		{4413350D-47EC-4E43-9618-6638E56ED7BE}.Debug|Any CPU.ActiveCfg = Debug|Any CPU
		{4413350D-47EC-4E43-9618-6638E56ED7BE}.Debug|Any CPU.Build.0 = Debug|Any CPU
		{4413350D-47EC-4E43-9618-6638E56ED7BE}.Release|Any CPU.ActiveCfg = Release|Any CPU
		{4413350D-47EC-4E43-9618-6638E56ED7BE}.Release|Any CPU.Build.0 = Release|Any CPU
		{F3339BDA-555F-4AC6-92B8-C8FEDA9B9759}.Debug|Any CPU.ActiveCfg = Debug|Any CPU
		{F3339BDA-555F-4AC6-92B8-C8FEDA9B9759}.Debug|Any CPU.Build.0 = Debug|Any CPU
		{F3339BDA-555F-4AC6-92B8-C8FEDA9B9759}.Release|Any CPU.ActiveCfg = Release|Any CPU
		{F3339BDA-555F-4AC6-92B8-C8FEDA9B9759}.Release|Any CPU.Build.0 = Release|Any CPU
	EndGlobalSection
	GlobalSection(SolutionProperties) = preSolution
		HideSolutionNode = FALSE
	EndGlobalSection
	GlobalSection(ExtensibilityGlobals) = postSolution
		SolutionGuid = {7C4C785C-0592-4D12-BF95-8E71DF1BC4B7}
	EndGlobalSection
EndGlobal
